
Microsoft Visual Studio Solution File, Format Version 12.00
# Visual Studio Version 17
VisualStudioVersion = 17.0.31903.59
MinimumVisualStudioVersion = 10.0.40219.1
Project("{FAE04EC0-301F-11D3-BF4B-00C04F79EFBC}") = "Presentation", "Presentation\Presentation.csproj", "{886D71D2-39B8-40A0-AFAA-79F7B982E229}"
EndProject
Project("{FAE04EC0-301F-11D3-BF4B-00C04F79EFBC}") = "Tests", "Tests\Tests.csproj", "{A46FB34D-E1E7-450B-886C-10BF172886DD}"
EndProject
Project("{FAE04EC0-301F-11D3-BF4B-00C04F79EFBC}") = "FastSlnPresentation.Server", "FastSlnPresentation.Server\FastSlnPresentation.Server.csproj", "{B4CA803E-C6AA-4160-8B3C-5976506EC340}"
EndProject
Project("{FAE04EC0-301F-11D3-BF4B-00C04F79EFBC}") = "FastSlnPresentation.BLL", "FastSlnPresentation.BLL\FastSlnPresentation.BLL.csproj", "{2BF551BC-EB0D-4E6C-A5E6-74CB15B27BD2}"
EndProject
Global
	GlobalSection(SolutionConfigurationPlatforms) = preSolution
		Debug|Any CPU = Debug|Any CPU
		Debug|x64 = Debug|x64
		Debug|x86 = Debug|x86
		Release|Any CPU = Release|Any CPU
		Release|x64 = Release|x64
		Release|x86 = Release|x86
	EndGlobalSection
	GlobalSection(ProjectConfigurationPlatforms) = postSolution
		{886D71D2-39B8-40A0-AFAA-79F7B982E229}.Debug|Any CPU.ActiveCfg = Debug|Any CPU
		{886D71D2-39B8-40A0-AFAA-79F7B982E229}.Debug|Any CPU.Build.0 = Debug|Any CPU
		{886D71D2-39B8-40A0-AFAA-79F7B982E229}.Debug|x64.ActiveCfg = Debug|Any CPU
		{886D71D2-39B8-40A0-AFAA-79F7B982E229}.Debug|x64.Build.0 = Debug|Any CPU
		{886D71D2-39B8-40A0-AFAA-79F7B982E229}.Debug|x86.ActiveCfg = Debug|Any CPU
		{886D71D2-39B8-40A0-AFAA-79F7B982E229}.Debug|x86.Build.0 = Debug|Any CPU
		{886D71D2-39B8-40A0-AFAA-79F7B982E229}.Release|Any CPU.ActiveCfg = Release|Any CPU
		{886D71D2-39B8-40A0-AFAA-79F7B982E229}.Release|Any CPU.Build.0 = Release|Any CPU
		{886D71D2-39B8-40A0-AFAA-79F7B982E229}.Release|x64.ActiveCfg = Release|Any CPU
		{886D71D2-39B8-40A0-AFAA-79F7B982E229}.Release|x64.Build.0 = Release|Any CPU
		{886D71D2-39B8-40A0-AFAA-79F7B982E229}.Release|x86.ActiveCfg = Release|Any CPU
		{886D71D2-39B8-40A0-AFAA-79F7B982E229}.Release|x86.Build.0 = Release|Any CPU
		{A46FB34D-E1E7-450B-886C-10BF172886DD}.Debug|Any CPU.ActiveCfg = Debug|Any CPU
		{A46FB34D-E1E7-450B-886C-10BF172886DD}.Debug|Any CPU.Build.0 = Debug|Any CPU
		{A46FB34D-E1E7-450B-886C-10BF172886DD}.Debug|x64.ActiveCfg = Debug|Any CPU
		{A46FB34D-E1E7-450B-886C-10BF172886DD}.Debug|x64.Build.0 = Debug|Any CPU
		{A46FB34D-E1E7-450B-886C-10BF172886DD}.Debug|x86.ActiveCfg = Debug|Any CPU
		{A46FB34D-E1E7-450B-886C-10BF172886DD}.Debug|x86.Build.0 = Debug|Any CPU
		{A46FB34D-E1E7-450B-886C-10BF172886DD}.Release|Any CPU.ActiveCfg = Release|Any CPU
		{A46FB34D-E1E7-450B-886C-10BF172886DD}.Release|Any CPU.Build.0 = Release|Any CPU
		{A46FB34D-E1E7-450B-886C-10BF172886DD}.Release|x64.ActiveCfg = Release|Any CPU
		{A46FB34D-E1E7-450B-886C-10BF172886DD}.Release|x64.Build.0 = Release|Any CPU
		{A46FB34D-E1E7-450B-886C-10BF172886DD}.Release|x86.ActiveCfg = Release|Any CPU
		{A46FB34D-E1E7-450B-886C-10BF172886DD}.Release|x86.Build.0 = Release|Any CPU
		{B4CA803E-C6AA-4160-8B3C-5976506EC340}.Debug|Any CPU.ActiveCfg = Debug|Any CPU
		{B4CA803E-C6AA-4160-8B3C-5976506EC340}.Debug|Any CPU.Build.0 = Debug|Any CPU
		{B4CA803E-C6AA-4160-8B3C-5976506EC340}.Debug|x64.ActiveCfg = Debug|Any CPU
		{B4CA803E-C6AA-4160-8B3C-5976506EC340}.Debug|x64.Build.0 = Debug|Any CPU
		{B4CA803E-C6AA-4160-8B3C-5976506EC340}.Debug|x86.ActiveCfg = Debug|Any CPU
		{B4CA803E-C6AA-4160-8B3C-5976506EC340}.Debug|x86.Build.0 = Debug|Any CPU
		{B4CA803E-C6AA-4160-8B3C-5976506EC340}.Release|Any CPU.ActiveCfg = Release|Any CPU
		{B4CA803E-C6AA-4160-8B3C-5976506EC340}.Release|Any CPU.Build.0 = Release|Any CPU
		{B4CA803E-C6AA-4160-8B3C-5976506EC340}.Release|x64.ActiveCfg = Release|Any CPU
		{B4CA803E-C6AA-4160-8B3C-5976506EC340}.Release|x64.Build.0 = Release|Any CPU
		{B4CA803E-C6AA-4160-8B3C-5976506EC340}.Release|x86.ActiveCfg = Release|Any CPU
		{B4CA803E-C6AA-4160-8B3C-5976506EC340}.Release|x86.Build.0 = Release|Any CPU
		{2BF551BC-EB0D-4E6C-A5E6-74CB15B27BD2}.Debug|Any CPU.ActiveCfg = Debug|Any CPU
		{2BF551BC-EB0D-4E6C-A5E6-74CB15B27BD2}.Debug|Any CPU.Build.0 = Debug|Any CPU
		{2BF551BC-EB0D-4E6C-A5E6-74CB15B27BD2}.Debug|x64.ActiveCfg = Debug|Any CPU
		{2BF551BC-EB0D-4E6C-A5E6-74CB15B27BD2}.Debug|x64.Build.0 = Debug|Any CPU
		{2BF551BC-EB0D-4E6C-A5E6-74CB15B27BD2}.Debug|x86.ActiveCfg = Debug|Any CPU
		{2BF551BC-EB0D-4E6C-A5E6-74CB15B27BD2}.Debug|x86.Build.0 = Debug|Any CPU
		{2BF551BC-EB0D-4E6C-A5E6-74CB15B27BD2}.Release|Any CPU.ActiveCfg = Release|Any CPU
		{2BF551BC-EB0D-4E6C-A5E6-74CB15B27BD2}.Release|Any CPU.Build.0 = Release|Any CPU
		{2BF551BC-EB0D-4E6C-A5E6-74CB15B27BD2}.Release|x64.ActiveCfg = Release|Any CPU
		{2BF551BC-EB0D-4E6C-A5E6-74CB15B27BD2}.Release|x64.Build.0 = Release|Any CPU
		{2BF551BC-EB0D-4E6C-A5E6-74CB15B27BD2}.Release|x86.ActiveCfg = Release|Any CPU
		{2BF551BC-EB0D-4E6C-A5E6-74CB15B27BD2}.Release|x86.Build.0 = Release|Any CPU
	EndGlobalSection
	GlobalSection(SolutionProperties) = preSolution
		HideSolutionNode = FALSE
	EndGlobalSection
	GlobalSection(ExtensibilityGlobals) = postSolution
		SolutionGuid = {1BD33536-925F-4E6D-B54B-586E9763689F}
	EndGlobalSection
EndGlobal
